
Microsoft Visual Studio Solution File, Format Version 12.00
# Visual Studio Version 17
VisualStudioVersion = 17.5.33530.505
MinimumVisualStudioVersion = 10.0.40219.1
Project("{FAE04EC0-301F-11D3-BF4B-00C04F79EFBC}") = "Reebok.Web", "Reebok\Reebok.Web.csproj", "{6BA8EB40-50A4-4F2F-8D83-CB3F087AE7F4}"
EndProject
Global
	GlobalSection(SolutionConfigurationPlatforms) = preSolution
		Debug|Any CPU = Debug|Any CPU
		Release|Any CPU = Release|Any CPU
	EndGlobalSection
	GlobalSection(ProjectConfigurationPlatforms) = postSolution
		{6BA8EB40-50A4-4F2F-8D83-CB3F087AE7F4}.Debug|Any CPU.ActiveCfg = Debug|Any CPU
		{6BA8EB40-50A4-4F2F-8D83-CB3F087AE7F4}.Debug|Any CPU.Build.0 = Debug|Any CPU
		{6BA8EB40-50A4-4F2F-8D83-CB3F087AE7F4}.Release|Any CPU.ActiveCfg = Release|Any CPU
		{6BA8EB40-50A4-4F2F-8D83-CB3F087AE7F4}.Release|Any CPU.Build.0 = Release|Any CPU
	EndGlobalSection
	GlobalSection(SolutionProperties) = preSolution
		HideSolutionNode = FALSE
	EndGlobalSection
	GlobalSection(ExtensibilityGlobals) = postSolution
		SolutionGuid = {F28FAD61-C59E-4991-AAF7-F924A0EE9450}
	EndGlobalSection
EndGlobal
